<?xml version="1.0" encoding="utf-8"?>
<Project ToolsVersion="4.0" xmlns="http://schemas.microsoft.com/developer/msbuild/2003">
  <ItemGroup>
    <Filter Include="Windows">
      <UniqueIdentifier>{e1604738-b43e-4b6e-bd6d-eb74a647ae76}</UniqueIdentifier>
    </Filter>
    <Filter Include="Windows\Header">
      <UniqueIdentifier>{c691b56b-964a-4371-928c-fc8337dfbf0f}</UniqueIdentifier>
    </Filter>
    <Filter Include="Windows\Resources">
      <UniqueIdentifier>{5ccb00ae-68fe-432d-8b48-72f14b34a52f}</UniqueIdentifier>
    </Filter>
    <Filter Include="Engine">
      <UniqueIdentifier>{00e2635c-e11d-4dab-a23b-f4b535e1a0df}</UniqueIdentifier>
    </Filter>
    <Filter Include="Engine\Common">
      <UniqueIdentifier>{ea8b2c6b-4130-45ad-8c1f-1f4d9cbf86e0}</UniqueIdentifier>
    </Filter>
    <Filter Include="Engine\High Level Interface">
      <UniqueIdentifier>{97272880-267a-4340-8ab3-7abd7b644166}</UniqueIdentifier>
    </Filter>
    <Filter Include="Engine\GameObject">
      <UniqueIdentifier>{e30f9841-bbbe-4092-8d3d-f1bbbcc5125c}</UniqueIdentifier>
    </Filter>
    <Filter Include="Contents">
      <UniqueIdentifier>{b0ba41d0-4572-491d-a07c-275b76188f84}</UniqueIdentifier>
    </Filter>
    <Filter Include="Contents\TestContents">
      <UniqueIdentifier>{4fafff5d-a551-40d7-89a7-09c533251997}</UniqueIdentifier>
    </Filter>
    <Filter Include="Contents\Player">
      <UniqueIdentifier>{7892a787-7aba-4852-ad4a-9ef3fc4d3757}</UniqueIdentifier>
    </Filter>
    <Filter Include="Engine\Component">
      <UniqueIdentifier>{8d53bc34-2dec-490d-a9f7-d66a85ce456a}</UniqueIdentifier>
    </Filter>
    <Filter Include="Engine\Component\Transform">
      <UniqueIdentifier>{57c326c5-3b5e-4cb6-a238-0a8d61d7b1d4}</UniqueIdentifier>
    </Filter>
    <Filter Include="Engine\Common\Time">
      <UniqueIdentifier>{7e0eda02-85e7-444d-88a2-f7ab0e866d8b}</UniqueIdentifier>
    </Filter>
    <Filter Include="Engine\Input">
      <UniqueIdentifier>{def910f2-81d9-44c5-84f5-b3ec8de0b989}</UniqueIdentifier>
    </Filter>
    <Filter Include="Engine\Graphics">
      <UniqueIdentifier>{5932f18f-ef61-4abb-a120-3744ae376c4c}</UniqueIdentifier>
    </Filter>
    <Filter Include="Engine\Graphics\API">
      <UniqueIdentifier>{32eece40-8f7b-4391-86b4-c2345f8c70b0}</UniqueIdentifier>
    </Filter>
    <Filter Include="Engine\Resource">
      <UniqueIdentifier>{c8474f67-58a6-478e-87a6-cbc72991c723}</UniqueIdentifier>
    </Filter>
    <Filter Include="Engine\Entity">
      <UniqueIdentifier>{2c2a0842-62af-4641-a71d-657670f94c67}</UniqueIdentifier>
    </Filter>
    <Filter Include="Engine\Component\MeshRenderer">
      <UniqueIdentifier>{d11734d0-7e6c-4533-9ef1-9f43925e312e}</UniqueIdentifier>
    </Filter>
    <Filter Include="Engine\Resource\Shader">
      <UniqueIdentifier>{45b89dad-4b74-4a34-ae1e-29c8c3edfefb}</UniqueIdentifier>
    </Filter>
    <Filter Include="Engine\Resource\Mesh">
      <UniqueIdentifier>{9d2f17b5-d440-49ec-94b6-8106ff748a9f}</UniqueIdentifier>
    </Filter>
  </ItemGroup>
  <ItemGroup>
    <ClInclude Include="Client.h">
      <Filter>Windows\Header</Filter>
    </ClInclude>
    <ClInclude Include="framework.h">
      <Filter>Windows\Header</Filter>
    </ClInclude>
    <ClInclude Include="Resource.h">
      <Filter>Windows\Header</Filter>
    </ClInclude>
    <ClInclude Include="targetver.h">
      <Filter>Windows\Header</Filter>
    </ClInclude>
    <ClInclude Include="Commoninclude.h">
      <Filter>Engine\Common</Filter>
    </ClInclude>
    <ClInclude Include="EHApplication.h">
      <Filter>Engine\High Level Interface</Filter>
    </ClInclude>
    <ClInclude Include="EHGameObject.h">
      <Filter>Engine\GameObject</Filter>
    </ClInclude>
    <ClInclude Include="EHObject.h">
      <Filter>Engine\GameObject</Filter>
    </ClInclude>
    <ClInclude Include="EHBullet.h">
      <Filter>Contents\TestContents</Filter>
    </ClInclude>
    <ClInclude Include="EHPlayer.h">
      <Filter>Contents\Player</Filter>
    </ClInclude>
    <ClInclude Include="EHTrasnform.h">
      <Filter>Engine\Component\Transform</Filter>
    </ClInclude>
    <ClInclude Include="EHComponent.h">
      <Filter>Engine\Component</Filter>
    </ClInclude>
    <ClInclude Include="EHTime.h">
      <Filter>Engine\Common\Time</Filter>
    </ClInclude>
    <ClInclude Include="EHInput.h">
      <Filter>Engine\Input</Filter>
    </ClInclude>
    <ClInclude Include="EHMath.h">
      <Filter>Engine\Common</Filter>
    </ClInclude>
    <ClInclude Include="EHD3D.h">
      <Filter>Engine\Graphics\API</Filter>
    </ClInclude>
    <ClInclude Include="EHRenderer.h">
      <Filter>Engine\Graphics</Filter>
    </ClInclude>
    <ClInclude Include="EHResource.h">
      <Filter>Engine\Resource</Filter>
    </ClInclude>
    <ClInclude Include="EHEntity.h">
      <Filter>Engine\Entity</Filter>
    </ClInclude>
    <ClInclude Include="EHMeshRenderer.h">
      <Filter>Engine\Component\MeshRenderer</Filter>
    </ClInclude>
    <ClInclude Include="EHMesh.h">
      <Filter>Engine\Resource\Mesh</Filter>
    </ClInclude>
    <ClInclude Include="EHShader.h">
      <Filter>Engine\Resource\Shader</Filter>
    </ClInclude>
  </ItemGroup>
  <ItemGroup>
    <Image Include="Client.ico">
      <Filter>Windows\Resources</Filter>
    </Image>
    <Image Include="small.ico">
      <Filter>Windows\Resources</Filter>
    </Image>
  </ItemGroup>
  <ItemGroup>
    <ClCompile Include="Client.cpp" />
    <ClCompile Include="EHApplication.cpp">
      <Filter>Engine\High Level Interface</Filter>
    </ClCompile>
    <ClCompile Include="EHGameObject.cpp">
      <Filter>Engine\GameObject</Filter>
    </ClCompile>
    <ClCompile Include="EHBullet.cpp">
      <Filter>Contents\TestContents</Filter>
    </ClCompile>
    <ClCompile Include="EHPlayer.cpp">
      <Filter>Contents\Player</Filter>
    </ClCompile>
    <ClCompile Include="EHTrasnform.cpp">
      <Filter>Engine\Component\Transform</Filter>
    </ClCompile>
    <ClCompile Include="EHComponent.cpp">
      <Filter>Engine\Component</Filter>
    </ClCompile>
    <ClCompile Include="EHTime.cpp">
      <Filter>Engine\Common\Time</Filter>
    </ClCompile>
    <ClCompile Include="EHInput.cpp">
      <Filter>Engine\Input</Filter>
    </ClCompile>
    <ClCompile Include="EHD3D.cpp">
      <Filter>Engine\Graphics\API</Filter>
    </ClCompile>
    <ClCompile Include="EHRenderer.cpp">
      <Filter>Engine\Graphics</Filter>
    </ClCompile>
    <ClCompile Include="EHResource.cpp">
      <Filter>Engine\Resource</Filter>
    </ClCompile>
    <ClCompile Include="EHEntity.cpp">
      <Filter>Engine\Entity</Filter>
    </ClCompile>
    <ClCompile Include="EHMeshRenderer.cpp">
      <Filter>Engine\Component\MeshRenderer</Filter>
    </ClCompile>
    <ClCompile Include="EHMesh.cpp">
      <Filter>Engine\Resource\Mesh</Filter>
    </ClCompile>
    <ClCompile Include="EHShader.cpp">
      <Filter>Engine\Resource\Shader</Filter>
    </ClCompile>
  </ItemGroup>
  <ItemGroup>
    <ResourceCompile Include="Client.rc">
      <Filter>Windows\Resources</Filter>
    </ResourceCompile>
  </ItemGroup>
</Project>