<?xml version="1.0" encoding="utf-8"?>
<Project ToolsVersion="4.0" xmlns="http://schemas.microsoft.com/developer/msbuild/2003">
  <ItemGroup>
    <Filter Include="Windows">
      <UniqueIdentifier>{e1604738-b43e-4b6e-bd6d-eb74a647ae76}</UniqueIdentifier>
    </Filter>
    <Filter Include="Windows\Header">
      <UniqueIdentifier>{c691b56b-964a-4371-928c-fc8337dfbf0f}</UniqueIdentifier>
    </Filter>
    <Filter Include="Windows\Resources">
      <UniqueIdentifier>{5ccb00ae-68fe-432d-8b48-72f14b34a52f}</UniqueIdentifier>
    </Filter>
    <Filter Include="Engine">
      <UniqueIdentifier>{00e2635c-e11d-4dab-a23b-f4b535e1a0df}</UniqueIdentifier>
    </Filter>
    <Filter Include="Engine\Common">
      <UniqueIdentifier>{ea8b2c6b-4130-45ad-8c1f-1f4d9cbf86e0}</UniqueIdentifier>
    </Filter>
    <Filter Include="Engine\High Level Interface">
      <UniqueIdentifier>{97272880-267a-4340-8ab3-7abd7b644166}</UniqueIdentifier>
    </Filter>
    <Filter Include="Engine\DX11">
      <UniqueIdentifier>{5250d48c-eb6c-4878-9d1b-73b2672a2baa}</UniqueIdentifier>
    </Filter>
    <Filter Include="Engine\Contents">
      <UniqueIdentifier>{b0ba41d0-4572-491d-a07c-275b76188f84}</UniqueIdentifier>
    </Filter>
    <Filter Include="Engine\Contents\Shader">
      <UniqueIdentifier>{0022cd34-ce17-4f81-a060-077446199ebd}</UniqueIdentifier>
    </Filter>
    <Filter Include="Engine\GameObject">
      <UniqueIdentifier>{e30f9841-bbbe-4092-8d3d-f1bbbcc5125c}</UniqueIdentifier>
    </Filter>
  </ItemGroup>
  <ItemGroup>
    <ClInclude Include="Client.h">
      <Filter>Windows\Header</Filter>
    </ClInclude>
    <ClInclude Include="framework.h">
      <Filter>Windows\Header</Filter>
    </ClInclude>
    <ClInclude Include="Resource.h">
      <Filter>Windows\Header</Filter>
    </ClInclude>
    <ClInclude Include="targetver.h">
      <Filter>Windows\Header</Filter>
    </ClInclude>
    <ClInclude Include="Commoninclude.h">
      <Filter>Engine\Common</Filter>
    </ClInclude>
    <ClInclude Include="EHApplication.h">
      <Filter>Engine\High Level Interface</Filter>
    </ClInclude>
    <ClInclude Include="EHDX11.h">
      <Filter>Engine\DX11</Filter>
    </ClInclude>
    <ClInclude Include="EHGameObject.h">
      <Filter>Engine\GameObject</Filter>
    </ClInclude>
    <ClInclude Include="EHObject.h">
      <Filter>Engine\GameObject</Filter>
    </ClInclude>
  </ItemGroup>
  <ItemGroup>
    <Image Include="Client.ico">
      <Filter>Windows\Resources</Filter>
    </Image>
    <Image Include="small.ico">
      <Filter>Windows\Resources</Filter>
    </Image>
  </ItemGroup>
  <ItemGroup>
    <ClCompile Include="Client.cpp" />
    <ClCompile Include="EHApplication.cpp">
      <Filter>Engine\High Level Interface</Filter>
    </ClCompile>
    <ClCompile Include="EHDX11.cpp">
      <Filter>Engine\DX11</Filter>
    </ClCompile>
    <ClCompile Include="EHGameObject.cpp">
      <Filter>Engine\GameObject</Filter>
    </ClCompile>
  </ItemGroup>
  <ItemGroup>
    <ResourceCompile Include="Client.rc">
      <Filter>Windows\Resources</Filter>
    </ResourceCompile>
  </ItemGroup>
  <ItemGroup>
    <None Include="shaders.hlsl">
      <Filter>Engine\Contents\Shader</Filter>
    </None>
    <None Include="shaders2.hlsl">
      <Filter>Engine\Contents\Shader</Filter>
    </None>
  </ItemGroup>
</Project>